
Microsoft Visual Studio Solution File, Format Version 12.00
# Visual Studio Version 16
VisualStudioVersion = 16.0.31321.278
MinimumVisualStudioVersion = 10.0.40219.1
Project("{FAE04EC0-301F-11D3-BF4B-00C04F79EFBC}") = "TaskManager_Practice", "TaskManager_Practice\TaskManager_Practice.csproj", "{642FD288-8584-455D-98F1-55AF87F8D552}"
EndProject
Global
	GlobalSection(SolutionConfigurationPlatforms) = preSolution
		Debug|Any CPU = Debug|Any CPU
		Release|Any CPU = Release|Any CPU
	EndGlobalSection
	GlobalSection(ProjectConfigurationPlatforms) = postSolution
		{642FD288-8584-455D-98F1-55AF87F8D552}.Debug|Any CPU.ActiveCfg = Debug|Any CPU
		{642FD288-8584-455D-98F1-55AF87F8D552}.Debug|Any CPU.Build.0 = Debug|Any CPU
		{642FD288-8584-455D-98F1-55AF87F8D552}.Release|Any CPU.ActiveCfg = Release|Any CPU
		{642FD288-8584-455D-98F1-55AF87F8D552}.Release|Any CPU.Build.0 = Release|Any CPU
	EndGlobalSection
	GlobalSection(SolutionProperties) = preSolution
		HideSolutionNode = FALSE
	EndGlobalSection
	GlobalSection(ExtensibilityGlobals) = postSolution
		SolutionGuid = {AC7296C0-C148-4F84-8585-FB07C21BDCD4}
	EndGlobalSection
EndGlobal
